
Microsoft Visual Studio Solution File, Format Version 12.00
# Visual Studio Version 17
VisualStudioVersion = 17.0.31612.314
MinimumVisualStudioVersion = 10.0.40219.1
Project("{9A19103F-16F7-4668-BE54-9A1E7A4F7556}") = "KiotaSdk", "KiotaSdk.csproj", "{680B7DE2-1F25-4398-BC52-E0D69A902014}"
EndProject
Project("{9A19103F-16F7-4668-BE54-9A1E7A4F7556}") = "Microsoft.Kiota.Abstractions", "..\kiota\abstractions\dotnet\src\Microsoft.Kiota.Abstractions.csproj", "{95E28D2B-33C8-4C11-8D3C-8726DA6AA3DE}"
EndProject
Project("{9A19103F-16F7-4668-BE54-9A1E7A4F7556}") = "Microsoft.Kiota.Authentication.Azure", "..\kiota\authentication\dotnet\azure\src\Microsoft.Kiota.Authentication.Azure.csproj", "{C157997B-ECB9-4ABC-9477-4DB0752FC6A9}"
EndProject
Project("{9A19103F-16F7-4668-BE54-9A1E7A4F7556}") = "Microsoft.Kiota.Serialization.Json", "..\kiota\serialization\dotnet\json\src\Microsoft.Kiota.Serialization.Json.csproj", "{E067017B-9EE2-42AE-A417-E1334F5E2DA1}"
EndProject
Project("{2150E333-8FDC-42A3-9474-1A3956D46DE8}") = "Solution Items", "Solution Items", "{4719CC5B-A03C-48E2-93E4-EA9E29D27636}"
	ProjectSection(SolutionItems) = preProject
		.editorconfig = .editorconfig
	EndProjectSection
EndProject
Project("{9A19103F-16F7-4668-BE54-9A1E7A4F7556}") = "Microsoft.Kiota.Http.HttpClientLibrary", "..\kiota\http\dotnet\httpclient\src\Microsoft.Kiota.Http.HttpClientLibrary.csproj", "{1651C153-1107-4C47-AB03-FE0B4DFD79BB}"
EndProject
Project("{9A19103F-16F7-4668-BE54-9A1E7A4F7556}") = "Microsoft.Graph.Core", "..\msgraph-sdk-dotnet-core\src\Microsoft.Graph.Core\Microsoft.Graph.Core.csproj", "{DBC1A034-F445-4955-9411-F150EFB300CD}"
EndProject
Global
	GlobalSection(SolutionConfigurationPlatforms) = preSolution
		Debug|Any CPU = Debug|Any CPU
		Release|Any CPU = Release|Any CPU
	EndGlobalSection
	GlobalSection(ProjectConfigurationPlatforms) = postSolution
		{680B7DE2-1F25-4398-BC52-E0D69A902014}.Debug|Any CPU.ActiveCfg = Debug|Any CPU
		{680B7DE2-1F25-4398-BC52-E0D69A902014}.Debug|Any CPU.Build.0 = Debug|Any CPU
		{680B7DE2-1F25-4398-BC52-E0D69A902014}.Release|Any CPU.ActiveCfg = Release|Any CPU
		{680B7DE2-1F25-4398-BC52-E0D69A902014}.Release|Any CPU.Build.0 = Release|Any CPU
		{95E28D2B-33C8-4C11-8D3C-8726DA6AA3DE}.Debug|Any CPU.ActiveCfg = Debug|Any CPU
		{95E28D2B-33C8-4C11-8D3C-8726DA6AA3DE}.Debug|Any CPU.Build.0 = Debug|Any CPU
		{95E28D2B-33C8-4C11-8D3C-8726DA6AA3DE}.Release|Any CPU.ActiveCfg = Release|Any CPU
		{95E28D2B-33C8-4C11-8D3C-8726DA6AA3DE}.Release|Any CPU.Build.0 = Release|Any CPU
		{C157997B-ECB9-4ABC-9477-4DB0752FC6A9}.Debug|Any CPU.ActiveCfg = Debug|Any CPU
		{C157997B-ECB9-4ABC-9477-4DB0752FC6A9}.Debug|Any CPU.Build.0 = Debug|Any CPU
		{C157997B-ECB9-4ABC-9477-4DB0752FC6A9}.Release|Any CPU.ActiveCfg = Release|Any CPU
		{C157997B-ECB9-4ABC-9477-4DB0752FC6A9}.Release|Any CPU.Build.0 = Release|Any CPU
		{E067017B-9EE2-42AE-A417-E1334F5E2DA1}.Debug|Any CPU.ActiveCfg = Debug|Any CPU
		{E067017B-9EE2-42AE-A417-E1334F5E2DA1}.Debug|Any CPU.Build.0 = Debug|Any CPU
		{E067017B-9EE2-42AE-A417-E1334F5E2DA1}.Release|Any CPU.ActiveCfg = Release|Any CPU
		{E067017B-9EE2-42AE-A417-E1334F5E2DA1}.Release|Any CPU.Build.0 = Release|Any CPU
		{1651C153-1107-4C47-AB03-FE0B4DFD79BB}.Debug|Any CPU.ActiveCfg = Debug|Any CPU
		{1651C153-1107-4C47-AB03-FE0B4DFD79BB}.Debug|Any CPU.Build.0 = Debug|Any CPU
		{1651C153-1107-4C47-AB03-FE0B4DFD79BB}.Release|Any CPU.ActiveCfg = Release|Any CPU
		{1651C153-1107-4C47-AB03-FE0B4DFD79BB}.Release|Any CPU.Build.0 = Release|Any CPU
		{DBC1A034-F445-4955-9411-F150EFB300CD}.Debug|Any CPU.ActiveCfg = Debug|Any CPU
		{DBC1A034-F445-4955-9411-F150EFB300CD}.Debug|Any CPU.Build.0 = Debug|Any CPU
		{DBC1A034-F445-4955-9411-F150EFB300CD}.Release|Any CPU.ActiveCfg = Release|Any CPU
		{DBC1A034-F445-4955-9411-F150EFB300CD}.Release|Any CPU.Build.0 = Release|Any CPU
	EndGlobalSection
	GlobalSection(SolutionProperties) = preSolution
		HideSolutionNode = FALSE
	EndGlobalSection
	GlobalSection(ExtensibilityGlobals) = postSolution
		SolutionGuid = {82C79ECE-B3C4-4750-A42B-B60F1416CC18}
	EndGlobalSection
EndGlobal
